GEM
  remote: https://rubygems.org/
  specs:
    addressable (2.8.8)
      public_suffix (>= 2.0.2, < 8.0)
    adsf (1.5.2)
      rack (>= 1.0.0, < 4.0.0)
      rackup (~> 2.1)
    ast (2.4.3)
    base64 (0.3.0)
    builder (3.3.0)
    coderay (1.1.3)
    colored (1.2)
    concurrent-ruby (1.3.6)
    cri (2.15.12)
    date (3.5.1)
    ddmetrics (1.1.0)
    ddplugin (1.0.3)
    diff-lcs (1.6.2)
    immutable-ruby (0.2.0)
      concurrent-ruby (~> 1.1)
      sorted_set (~> 1.0)
    io-console (0.8.2)
    json_schema (0.21.0)
    kramdown (2.5.1)
      rexml (>= 3.3.9)
    kramdown-parser-gfm (1.1.0)
      kramdown (~> 2.0)
    memo_wise (1.11.0)
    method_source (1.1.0)
    nanoc (4.12.21)
      addressable (~> 2.5)
      colored (~> 1.2)
      nanoc-checking (~> 1.0, >= 1.0.2)
      nanoc-cli (= 4.12.21)
      nanoc-core (= 4.12.21)
      nanoc-deploying (~> 1.0)
      parallel (~> 1.12)
      tty-command (~> 0.8)
      tty-which (~> 0.4)
    nanoc-checking (1.0.5)
      nanoc-cli (~> 4.12, >= 4.12.5)
      nanoc-core (~> 4.12, >= 4.12.5)
    nanoc-cli (4.12.21)
      cri (~> 2.15)
      diff-lcs (~> 1.3)
      nanoc-core (= 4.12.21)
      pry
      zeitwerk (~> 2.1)
    nanoc-core (4.12.21)
      base64 (~> 0.2)
      concurrent-ruby (~> 1.1)
      ddmetrics (~> 1.0)
      ddplugin (~> 1.0)
      immutable-ruby (~> 0.1)
      json_schema (~> 0.19)
      memo_wise (~> 1.5)
      psych (>= 4.0, < 6.0)
      slow_enumerator_tools (~> 1.0)
      tty-platform (~> 0.2)
      zeitwerk (~> 2.1)
    nanoc-deploying (1.0.2)
      nanoc-checking (~> 1.0)
      nanoc-cli (~> 4.11, >= 4.11.15)
      nanoc-core (~> 4.11, >= 4.11.15)
    parallel (1.27.0)
    parser (3.3.10.0)
      ast (~> 2.4.1)
      racc
    pastel (0.8.0)
      tty-color (~> 0.5)
    prism (1.7.0)
    pry (0.16.0)
      coderay (~> 1.1)
      method_source (~> 1.0)
      reline (>= 0.6.0)
    psych (5.3.1)
      date
      stringio
    public_suffix (5.1.1)
    racc (1.8.1)
    rack (3.2.4)
    rackup (2.3.1)
      rack (>= 3)
    rainbow (3.1.1)
    rake (12.3.3)
    rbtree (0.4.6)
    regexp_parser (2.11.3)
    reline (0.6.3)
      io-console (~> 0.5)
    rexml (3.4.4)
    rubocop (0.85.1)
      parallel (~> 1.10)
      parser (>= 2.7.0.1)
      rainbow (>= 2.2.2, < 4.0)
      regexp_parser (>= 1.7)
      rexml
      rubocop-ast (>= 0.0.3)
      ruby-progressbar (~> 1.7)
      unicode-display_width (>= 1.4.0, < 2.0)
    rubocop-ast (1.48.0)
      parser (>= 3.3.7.2)
      prism (~> 1.4)
    ruby-progressbar (1.13.0)
    set (1.0.4)
    slow_enumerator_tools (1.1.0)
    sorted_set (1.0.3)
      rbtree
      set (~> 1.0)
    stringio (3.2.0)
    tty-color (0.6.0)
    tty-command (0.10.1)
      pastel (~> 0.8)
    tty-platform (0.3.0)
    tty-which (0.5.0)
    unicode-display_width (1.8.0)
    zeitwerk (2.6.18)

PLATFORMS
  ruby

DEPENDENCIES
  adsf (~> 1.4)
  builder (~> 3.2)
  kramdown
  kramdown-parser-gfm
  nanoc (~> 4.12.21)
  rake (~> 12.3)
  rubocop (~> 0.85.1)

BUNDLED WITH
   2.1.4
